// !$*UTF8*$!
{
	archiveVersion = 1;
	classes = {
	};
	objectVersion = 46;
	objects = {

/* Begin PBXBuildFile section */
		B001A1851B30565C00B3CA2A /* AppDelegate.swift in Sources */ = {isa = PBXBuildFile; fileRef = B001A1841B30565C00B3CA2A /* AppDelegate.swift */; };
		B001A1871B30565C00B3CA2A /* ViewController.swift in Sources */ = {isa = PBXBuildFile; fileRef = B001A1861B30565C00B3CA2A /* ViewController.swift */; };
		B001A18A1B30565C00B3CA2A /* Main.storyboard in Resources */ = {isa = PBXBuildFile; fileRef = B001A1881B30565C00B3CA2A /* Main.storyboard */; };
		B001A18C1B30565C00B3CA2A /* Assets.xcassets in Resources */ = {isa = PBXBuildFile; fileRef = B001A18B1B30565C00B3CA2A /* Assets.xcassets */; };
		B001A18F1B30565C00B3CA2A /* LaunchScreen.storyboard in Resources */ = {isa = PBXBuildFile; fileRef = B001A18D1B30565C00B3CA2A /* LaunchScreen.storyboard */; };
		B001A19A1B30565C00B3CA2A /* OptionSetTypeFrobsTests.swift in Sources */ = {isa = PBXBuildFile; fileRef = B001A1991B30565C00B3CA2A /* OptionSetTypeFrobsTests.swift */; };
		B001A1A51B30565C00B3CA2A /* OptionSetTypeFrobsUITests.swift in Sources */ = {isa = PBXBuildFile; fileRef = B001A1A41B30565C00B3CA2A /* OptionSetTypeFrobsUITests.swift */; };
		B001A1B31B30578C00B3CA2A /* Hoagie.swift in Sources */ = {isa = PBXBuildFile; fileRef = B001A1B21B30578C00B3CA2A /* Hoagie.swift */; };
/* End PBXBuildFile section */

/* Begin PBXContainerItemProxy section */
		B001A1961B30565C00B3CA2A /* PBXContainerItemProxy */ = {
			isa = PBXContainerItemProxy;
			containerPortal = B001A1791B30565C00B3CA2A /* Project object */;
			proxyType = 1;
			remoteGlobalIDString = B001A1801B30565C00B3CA2A;
			remoteInfo = OptionSetTypeFrobs;
		};
		B001A1A11B30565C00B3CA2A /* PBXContainerItemProxy */ = {
			isa = PBXContainerItemProxy;
			containerPortal = B001A1791B30565C00B3CA2A /* Project object */;
			proxyType = 1;
			remoteGlobalIDString = B001A1801B30565C00B3CA2A;
			remoteInfo = OptionSetTypeFrobs;
		};
/* End PBXContainerItemProxy section */

/* Begin PBXFileReference section */
		B001A1811B30565C00B3CA2A /* OptionSetTypeFrobs.app */ = {isa = PBXFileReference; explicitFileType = wrapper.application; includeInIndex = 0; path = OptionSetTypeFrobs.app; sourceTree = BUILT_PRODUCTS_DIR; };
		B001A1841B30565C00B3CA2A /* AppDelegate.swift */ = {isa = PBXFileReference; lastKnownFileType = sourcecode.swift; path = AppDelegate.swift; sourceTree = "<group>"; };
		B001A1861B30565C00B3CA2A /* ViewController.swift */ = {isa = PBXFileReference; lastKnownFileType = sourcecode.swift; path = ViewController.swift; sourceTree = "<group>"; };
		B001A1891B30565C00B3CA2A /* Base */ = {isa = PBXFileReference; lastKnownFileType = file.storyboard; name = Base; path = Base.lproj/Main.storyboard; sourceTree = "<group>"; };
		B001A18B1B30565C00B3CA2A /* Assets.xcassets */ = {isa = PBXFileReference; lastKnownFileType = folder.assetcatalog; path = Assets.xcassets; sourceTree = "<group>"; };
		B001A18E1B30565C00B3CA2A /* Base */ = {isa = PBXFileReference; lastKnownFileType = file.storyboard; name = Base; path = Base.lproj/LaunchScreen.storyboard; sourceTree = "<group>"; };
		B001A1901B30565C00B3CA2A /* Info.plist */ = {isa = PBXFileReference; lastKnownFileType = text.plist.xml; path = Info.plist; sourceTree = "<group>"; };
		B001A1951B30565C00B3CA2A /* OptionSetTypeFrobsTests.xctest */ = {isa = PBXFileReference; explicitFileType = wrapper.cfbundle; includeInIndex = 0; path = OptionSetTypeFrobsTests.xctest; sourceTree = BUILT_PRODUCTS_DIR; };
		B001A1991B30565C00B3CA2A /* OptionSetTypeFrobsTests.swift */ = {isa = PBXFileReference; lastKnownFileType = sourcecode.swift; path = OptionSetTypeFrobsTests.swift; sourceTree = "<group>"; };
		B001A19B1B30565C00B3CA2A /* Info.plist */ = {isa = PBXFileReference; lastKnownFileType = text.plist.xml; path = Info.plist; sourceTree = "<group>"; };
		B001A1A01B30565C00B3CA2A /* OptionSetTypeFrobsUITests.xctest */ = {isa = PBXFileReference; explicitFileType = wrapper.cfbundle; includeInIndex = 0; path = OptionSetTypeFrobsUITests.xctest; sourceTree = BUILT_PRODUCTS_DIR; };
		B001A1A41B30565C00B3CA2A /* OptionSetTypeFrobsUITests.swift */ = {isa = PBXFileReference; lastKnownFileType = sourcecode.swift; path = OptionSetTypeFrobsUITests.swift; sourceTree = "<group>"; };
		B001A1A61B30565C00B3CA2A /* Info.plist */ = {isa = PBXFileReference; lastKnownFileType = text.plist.xml; path = Info.plist; sourceTree = "<group>"; };
		B001A1B21B30578C00B3CA2A /* Hoagie.swift */ = {isa = PBXFileReference; fileEncoding = 4; lastKnownFileType = sourcecode.swift; path = Hoagie.swift; sourceTree = "<group>"; };
		B01A277F1B3475A300F13414 /* README.md */ = {isa = PBXFileReference; fileEncoding = 4; lastKnownFileType = net.daringfireball.markdown; path = README.md; sourceTree = "<group>"; };
/* End PBXFileReference section */

/* Begin PBXFrameworksBuildPhase section */
		B001A17E1B30565C00B3CA2A /* Frameworks */ = {
			isa = PBXFrameworksBuildPhase;
			buildActionMask = 2147483647;
			files = (
			);
			runOnlyForDeploymentPostprocessing = 0;
		};
		B001A1921B30565C00B3CA2A /* Frameworks */ = {
			isa = PBXFrameworksBuildPhase;
			buildActionMask = 2147483647;
			files = (
			);
			runOnlyForDeploymentPostprocessing = 0;
		};
		B001A19D1B30565C00B3CA2A /* Frameworks */ = {
			isa = PBXFrameworksBuildPhase;
			buildActionMask = 2147483647;
			files = (
			);
			runOnlyForDeploymentPostprocessing = 0;
		};
/* End PBXFrameworksBuildPhase section */

/* Begin PBXGroup section */
		B001A1781B30565C00B3CA2A = {
			isa = PBXGroup;
			children = (
				B01A277F1B3475A300F13414 /* README.md */,
				B001A1831B30565C00B3CA2A /* OptionSetTypeFrobs */,
				B001A1981B30565C00B3CA2A /* OptionSetTypeFrobsTests */,
				B001A1A31B30565C00B3CA2A /* OptionSetTypeFrobsUITests */,
				B001A1821B30565C00B3CA2A /* Products */,
			);
			sourceTree = "<group>";
		};
		B001A1821B30565C00B3CA2A /* Products */ = {
			isa = PBXGroup;
			children = (
				B001A1811B30565C00B3CA2A /* OptionSetTypeFrobs.app */,
				B001A1951B30565C00B3CA2A /* OptionSetTypeFrobsTests.xctest */,
				B001A1A01B30565C00B3CA2A /* OptionSetTypeFrobsUITests.xctest */,
			);
			name = Products;
			sourceTree = "<group>";
		};
		B001A1831B30565C00B3CA2A /* OptionSetTypeFrobs */ = {
			isa = PBXGroup;
			children = (
				B001A1841B30565C00B3CA2A /* AppDelegate.swift */,
				B001A1861B30565C00B3CA2A /* ViewController.swift */,
				B001A1881B30565C00B3CA2A /* Main.storyboard */,
				B001A18B1B30565C00B3CA2A /* Assets.xcassets */,
				B001A18D1B30565C00B3CA2A /* LaunchScreen.storyboard */,
				B001A1901B30565C00B3CA2A /* Info.plist */,
				B001A1B21B30578C00B3CA2A /* Hoagie.swift */,
			);
			path = OptionSetTypeFrobs;
			sourceTree = "<group>";
		};
		B001A1981B30565C00B3CA2A /* OptionSetTypeFrobsTests */ = {
			isa = PBXGroup;
			children = (
				B001A1991B30565C00B3CA2A /* OptionSetTypeFrobsTests.swift */,
				B001A19B1B30565C00B3CA2A /* Info.plist */,
			);
			path = OptionSetTypeFrobsTests;
			sourceTree = "<group>";
		};
		B001A1A31B30565C00B3CA2A /* OptionSetTypeFrobsUITests */ = {
			isa = PBXGroup;
			children = (
				B001A1A41B30565C00B3CA2A /* OptionSetTypeFrobsUITests.swift */,
				B001A1A61B30565C00B3CA2A /* Info.plist */,
			);
			path = OptionSetTypeFrobsUITests;
			sourceTree = "<group>";
		};
/* End PBXGroup section */

/* Begin PBXNativeTarget section */
		B001A1801B30565C00B3CA2A /* OptionSetTypeFrobs */ = {
			isa = PBXNativeTarget;
			buildConfigurationList = B001A1A91B30565C00B3CA2A /* Build configuration list for PBXNativeTarget "OptionSetTypeFrobs" */;
			buildPhases = (
				B001A17D1B30565C00B3CA2A /* Sources */,
				B001A17E1B30565C00B3CA2A /* Frameworks */,
				B001A17F1B30565C00B3CA2A /* Resources */,
			);
			buildRules = (
			);
			dependencies = (
			);
			name = OptionSetTypeFrobs;
			productName = OptionSetTypeFrobs;
			productReference = B001A1811B30565C00B3CA2A /* OptionSetTypeFrobs.app */;
			productType = "com.apple.product-type.application";
		};
		B001A1941B30565C00B3CA2A /* OptionSetTypeFrobsTests */ = {
			isa = PBXNativeTarget;
			buildConfigurationList = B001A1AC1B30565C00B3CA2A /* Build configuration list for PBXNativeTarget "OptionSetTypeFrobsTests" */;
			buildPhases = (
				B001A1911B30565C00B3CA2A /* Sources */,
				B001A1921B30565C00B3CA2A /* Frameworks */,
				B001A1931B30565C00B3CA2A /* Resources */,
			);
			buildRules = (
			);
			dependencies = (
				B001A1971B30565C00B3CA2A /* PBXTargetDependency */,
			);
			name = OptionSetTypeFrobsTests;
			productName = OptionSetTypeFrobsTests;
			productReference = B001A1951B30565C00B3CA2A /* OptionSetTypeFrobsTests.xctest */;
			productType = "com.apple.product-type.bundle.unit-test";
		};
		B001A19F1B30565C00B3CA2A /* OptionSetTypeFrobsUITests */ = {
			isa = PBXNativeTarget;
			buildConfigurationList = B001A1AF1B30565C00B3CA2A /* Build configuration list for PBXNativeTarget "OptionSetTypeFrobsUITests" */;
			buildPhases = (
				B001A19C1B30565C00B3CA2A /* Sources */,
				B001A19D1B30565C00B3CA2A /* Frameworks */,
				B001A19E1B30565C00B3CA2A /* Resources */,
			);
			buildRules = (
			);
			dependencies = (
				B001A1A21B30565C00B3CA2A /* PBXTargetDependency */,
			);
			name = OptionSetTypeFrobsUITests;
			productName = OptionSetTypeFrobsUITests;
			productReference = B001A1A01B30565C00B3CA2A /* OptionSetTypeFrobsUITests.xctest */;
			productType = "com.apple.product-type.bundle.ui-testing";
		};
/* End PBXNativeTarget section */

/* Begin PBXProject section */
		B001A1791B30565C00B3CA2A /* Project object */ = {
			isa = PBXProject;
			attributes = {
				LastUpgradeCheck = 0700;
				ORGANIZATIONNAME = "Gene De Lisa";
				TargetAttributes = {
					B001A1801B30565C00B3CA2A = {
						CreatedOnToolsVersion = 7.0;
					};
					B001A1941B30565C00B3CA2A = {
						CreatedOnToolsVersion = 7.0;
						TestTargetID = B001A1801B30565C00B3CA2A;
					};
					B001A19F1B30565C00B3CA2A = {
						CreatedOnToolsVersion = 7.0;
						TestTargetID = B001A1801B30565C00B3CA2A;
					};
				};
			};
			buildConfigurationList = B001A17C1B30565C00B3CA2A /* Build configuration list for PBXProject "OptionSetTypeFrobs" */;
			compatibilityVersion = "Xcode 3.2";
			developmentRegion = English;
			hasScannedForEncodings = 0;
			knownRegions = (
				en,
				Base,
			);
			mainGroup = B001A1781B30565C00B3CA2A;
			productRefGroup = B001A1821B30565C00B3CA2A /* Products */;
			projectDirPath = "";
			projectRoot = "";
			targets = (
				B001A1801B30565C00B3CA2A /* OptionSetTypeFrobs */,
				B001A1941B30565C00B3CA2A /* OptionSetTypeFrobsTests */,
				B001A19F1B30565C00B3CA2A /* OptionSetTypeFrobsUITests */,
			);
		};
/* End PBXProject section */

/* Begin PBXResourcesBuildPhase section */
		B001A17F1B30565C00B3CA2A /* Resources */ = {
			isa = PBXResourcesBuildPhase;
			buildActionMask = 2147483647;
			files = (
				B001A18F1B30565C00B3CA2A /* LaunchScreen.storyboard in Resources */,
				B001A18C1B30565C00B3CA2A /* Assets.xcassets in Resources */,
				B001A18A1B30565C00B3CA2A /* Main.storyboard in Resources */,
			);
			runOnlyForDeploymentPostprocessing = 0;
		};
		B001A1931B30565C00B3CA2A /* Resources */ = {
			isa = PBXResourcesBuildPhase;
			buildActionMask = 2147483647;
			files = (
			);
			runOnlyForDeploymentPostprocessing = 0;
		};
		B001A19E1B30565C00B3CA2A /* Resources */ = {
			isa = PBXResourcesBuildPhase;
			buildActionMask = 2147483647;
			files = (
			);
			runOnlyForDeploymentPostprocessing = 0;
		};
/* End PBXResourcesBuildPhase section */

/* Begin PBXSourcesBuildPhase section */
		B001A17D1B30565C00B3CA2A /* Sources */ = {
			isa = PBXSourcesBuildPhase;
			buildActionMask = 2147483647;
			files = (
				B001A1B31B30578C00B3CA2A /* Hoagie.swift in Sources */,
				B001A1871B30565C00B3CA2A /* ViewController.swift in Sources */,
				B001A1851B30565C00B3CA2A /* AppDelegate.swift in Sources */,
			);
			runOnlyForDeploymentPostprocessing = 0;
		};
		B001A1911B30565C00B3CA2A /* Sources */ = {
			isa = PBXSourcesBuildPhase;
			buildActionMask = 2147483647;
			files = (
				B001A19A1B30565C00B3CA2A /* OptionSetTypeFrobsTests.swift in Sources */,
			);
			runOnlyForDeploymentPostprocessing = 0;
		};
		B001A19C1B30565C00B3CA2A /* Sources */ = {
			isa = PBXSourcesBuildPhase;
			buildActionMask = 2147483647;
			files = (
				B001A1A51B30565C00B3CA2A /* OptionSetTypeFrobsUITests.swift in Sources */,
			);
			runOnlyForDeploymentPostprocessing = 0;
		};
/* End PBXSourcesBuildPhase section */

/* Begin PBXTargetDependency section */
		B001A1971B30565C00B3CA2A /* PBXTargetDependency */ = {
			isa = PBXTargetDependency;
			target = B001A1801B30565C00B3CA2A /* OptionSetTypeFrobs */;
			targetProxy = B001A1961B30565C00B3CA2A /* PBXContainerItemProxy */;
		};
		B001A1A21B30565C00B3CA2A /* PBXTargetDependency */ = {
			isa = PBXTargetDependency;
			target = B001A1801B30565C00B3CA2A /* OptionSetTypeFrobs */;
			targetProxy = B001A1A11B30565C00B3CA2A /* PBXContainerItemProxy */;
		};
/* End PBXTargetDependency section */

/* Begin PBXVariantGroup section */
		B001A1881B30565C00B3CA2A /* Main.storyboard */ = {
			isa = PBXVariantGroup;
			children = (
				B001A1891B30565C00B3CA2A /* Base */,
			);
			name = Main.storyboard;
			sourceTree = "<group>";
		};
		B001A18D1B30565C00B3CA2A /* LaunchScreen.storyboard */ = {
			isa = PBXVariantGroup;
			children = (
				B001A18E1B30565C00B3CA2A /* Base */,
			);
			name = LaunchScreen.storyboard;
			sourceTree = "<group>";
		};
/* End PBXVariantGroup section */

/* Begin XCBuildConfiguration section */
		B001A1A71B30565C00B3CA2A /* Debug */ = {
			isa = XCBuildConfiguration;
			buildSettings = {
				ALWAYS_SEARCH_USER_PATHS = NO;
				CLANG_CXX_LANGUAGE_STANDARD = "gnu++0x";
				CLANG_CXX_LIBRARY = "libc++";
				CLANG_ENABLE_MODULES = YES;
				CLANG_ENABLE_OBJC_ARC = YES;
				CLANG_WARN_BOOL_CONVERSION = YES;
				CLANG_WARN_CONSTANT_CONVERSION = YES;
				CLANG_WARN_DIRECT_OBJC_ISA_USAGE = YES_ERROR;
				CLANG_WARN_EMPTY_BODY = YES;
				CLANG_WARN_ENUM_CONVERSION = YES;
				CLANG_WARN_INT_CONVERSION = YES;
				CLANG_WARN_OBJC_ROOT_CLASS = YES_ERROR;
				CLANG_WARN_UNREACHABLE_CODE = YES;
				CLANG_WARN__DUPLICATE_METHOD_MATCH = YES;
				"CODE_SIGN_IDENTITY[sdk=iphoneos*]" = "iPhone Developer";
				COPY_PHASE_STRIP = NO;
				DEBUG_INFORMATION_FORMAT = dwarf;
				ENABLE_STRICT_OBJC_MSGSEND = YES;
				ENABLE_TESTABILITY = YES;
				GCC_C_LANGUAGE_STANDARD = gnu99;
				GCC_DYNAMIC_NO_PIC = NO;
				GCC_NO_COMMON_BLOCKS = YES;
				GCC_OPTIMIZATION_LEVEL = 0;
				GCC_PREPROCESSOR_DEFINITIONS = (
					"DEBUG=1",
					"$(inherited)",
				);
				GCC_WARN_64_TO_32_BIT_CONVERSION = YES;
				GCC_WARN_ABOUT_RETURN_TYPE = YES_ERROR;
				GCC_WARN_UNDECLARED_SELECTOR = YES;
				GCC_WARN_UNINITIALIZED_AUTOS = YES_AGGRESSIVE;
				GCC_WARN_UNUSED_FUNCTION = YES;
				GCC_WARN_UNUSED_VARIABLE = YES;
				IPHONEOS_DEPLOYMENT_TARGET = 9.0;
				MTL_ENABLE_DEBUG_INFO = YES;
				ONLY_ACTIVE_ARCH = YES;
				SDKROOT = iphoneos;
				SWIFT_OPTIMIZATION_LEVEL = "-Onone";
				TARGETED_DEVICE_FAMILY = "1,2";
			};
			name = Debug;
		};
		B001A1A81B30565C00B3CA2A /* Release */ = {
			isa = XCBuildConfiguration;
			buildSettings = {
				ALWAYS_SEARCH_USER_PATHS = NO;
				CLANG_CXX_LANGUAGE_STANDARD = "gnu++0x";
				CLANG_CXX_LIBRARY = "libc++";
				CLANG_ENABLE_MODULES = YES;
				CLANG_ENABLE_OBJC_ARC = YES;
				CLANG_WARN_BOOL_CONVERSION = YES;
				CLANG_WARN_CONSTANT_CONVERSION = YES;
				CLANG_WARN_DIRECT_OBJC_ISA_USAGE = YES_ERROR;
				CLANG_WARN_EMPTY_BODY = YES;
				CLANG_WARN_ENUM_CONVERSION = YES;
				CLANG_WARN_INT_CONVERSION = YES;
				CLANG_WARN_OBJC_ROOT_CLASS = YES_ERROR;
				CLANG_WARN_UNREACHABLE_CODE = YES;
				CLANG_WARN__DUPLICATE_METHOD_MATCH = YES;
				"CODE_SIGN_IDENTITY[sdk=iphoneos*]" = "iPhone Developer";
				COPY_PHASE_STRIP = NO;
				DEBUG_INFORMATION_FORMAT = "dwarf-with-dsym";
				ENABLE_NS_ASSERTIONS = NO;
				ENABLE_STRICT_OBJC_MSGSEND = YES;
				GCC_C_LANGUAGE_STANDARD = gnu99;
				GCC_NO_COMMON_BLOCKS = YES;
				GCC_WARN_64_TO_32_BIT_CONVERSION = YES;
				GCC_WARN_ABOUT_RETURN_TYPE = YES_ERROR;
				GCC_WARN_UNDECLARED_SELECTOR = YES;
				GCC_WARN_UNINITIALIZED_AUTOS = YES_AGGRESSIVE;
				GCC_WARN_UNUSED_FUNCTION = YES;
				GCC_WARN_UNUSED_VARIABLE = YES;
				IPHONEOS_DEPLOYMENT_TARGET = 9.0;
				MTL_ENABLE_DEBUG_INFO = NO;
				SDKROOT = iphoneos;
				TARGETED_DEVICE_FAMILY = "1,2";
				VALIDATE_PRODUCT = YES;
			};
			name = Release;
		};
		B001A1AA1B30565C00B3CA2A /* Debug */ = {
			isa = XCBuildConfiguration;
			buildSettings = {
				ASSETCATALOG_COMPILER_APPICON_NAME = AppIcon;
				INFOPLIST_FILE = OptionSetTypeFrobs/Info.plist;
				LD_RUNPATH_SEARCH_PATHS = "$(inherited) @executable_path/Frameworks";
				PRODUCT_BUNDLE_IDENTIFIER = com.rockhoppertech.OptionSetTypeFrobs;
				PRODUCT_NAME = "$(TARGET_NAME)";
			};
			name = Debug;
		};
		B001A1AB1B30565C00B3CA2A /* Release */ = {
			isa = XCBuildConfiguration;
			buildSettings = {
				ASSETCATALOG_COMPILER_APPICON_NAME = AppIcon;
				INFOPLIST_FILE = OptionSetTypeFrobs/Info.plist;
				LD_RUNPATH_SEARCH_PATHS = "$(inherited) @executable_path/Frameworks";
				PRODUCT_BUNDLE_IDENTIFIER = com.rockhoppertech.OptionSetTypeFrobs;
				PRODUCT_NAME = "$(TARGET_NAME)";
			};
			name = Release;
		};
		B001A1AD1B30565C00B3CA2A /* Debug */ = {
			isa = XCBuildConfiguration;
			buildSettings = {
				BUNDLE_LOADER = "$(TEST_HOST)";
				INFOPLIST_FILE = OptionSetTypeFrobsTests/Info.plist;
				LD_RUNPATH_SEARCH_PATHS = "$(inherited) @executable_path/Frameworks @loader_path/Frameworks";
				PRODUCT_BUNDLE_IDENTIFIER = com.rockhoppertech.OptionSetTypeFrobsTests;
				PRODUCT_NAME = "$(TARGET_NAME)";
				TEST_HOST = "$(BUILT_PRODUCTS_DIR)/OptionSetTypeFrobs.app/OptionSetTypeFrobs";
			};
			name = Debug;
		};
		B001A1AE1B30565C00B3CA2A /* Release */ = {
			isa = XCBuildConfiguration;
			buildSettings = {
				BUNDLE_LOADER = "$(TEST_HOST)";
				INFOPLIST_FILE = OptionSetTypeFrobsTests/Info.plist;
				LD_RUNPATH_SEARCH_PATHS = "$(inherited) @executable_path/Frameworks @loader_path/Frameworks";
				PRODUCT_BUNDLE_IDENTIFIER = com.rockhoppertech.OptionSetTypeFrobsTests;
				PRODUCT_NAME = "$(TARGET_NAME)";
				TEST_HOST = "$(BUILT_PRODUCTS_DIR)/OptionSetTypeFrobs.app/OptionSetTypeFrobs";
			};
			name = Release;
		};
		B001A1B01B30565C00B3CA2A /* Debug */ = {
			isa = XCBuildConfiguration;
			buildSettings = {
				INFOPLIST_FILE = OptionSetTypeFrobsUITests/Info.plist;
				LD_RUNPATH_SEARCH_PATHS = "$(inherited) @executable_path/Frameworks @loader_path/Frameworks";
				PRODUCT_BUNDLE_IDENTIFIER = com.rockhoppertech.OptionSetTypeFrobsUITests;
				PRODUCT_NAME = "$(TARGET_NAME)";
				TEST_TARGET_NAME = OptionSetTypeFrobs;
				USES_XCTRUNNER = YES;
			};
			name = Debug;
		};
		B001A1B11B30565C00B3CA2A /* Release */ = {
			isa = XCBuildConfiguration;
			buildSettings = {
				INFOPLIST_FILE = OptionSetTypeFrobsUITests/Info.plist;
				LD_RUNPATH_SEARCH_PATHS = "$(inherited) @executable_path/Frameworks @loader_path/Frameworks";
				PRODUCT_BUNDLE_IDENTIFIER = com.rockhoppertech.OptionSetTypeFrobsUITests;
				PRODUCT_NAME = "$(TARGET_NAME)";
				TEST_TARGET_NAME = OptionSetTypeFrobs;
				USES_XCTRUNNER = YES;
			};
			name = Release;
		};
/* End XCBuildConfiguration section */

/* Begin XCConfigurationList section */
		B001A17C1B30565C00B3CA2A /* Build configuration list for PBXProject "OptionSetTypeFrobs" */ = {
			isa = XCConfigurationList;
			buildConfigurations = (
				B001A1A71B30565C00B3CA2A /* Debug */,
				B001A1A81B30565C00B3CA2A /* Release */,
			);
			defaultConfigurationIsVisible = 0;
			defaultConfigurationName = Release;
		};
		B001A1A91B30565C00B3CA2A /* Build configuration list for PBXNativeTarget "OptionSetTypeFrobs" */ = {
			isa = XCConfigurationList;
			buildConfigurations = (
				B001A1AA1B30565C00B3CA2A /* Debug */,
				B001A1AB1B30565C00B3CA2A /* Release */,
			);
			defaultConfigurationIsVisible = 0;
			defaultConfigurationName = Release;
		};
		B001A1AC1B30565C00B3CA2A /* Build configuration list for PBXNativeTarget "OptionSetTypeFrobsTests" */ = {
			isa = XCConfigurationList;
			buildConfigurations = (
				B001A1AD1B30565C00B3CA2A /* Debug */,
				B001A1AE1B30565C00B3CA2A /* Release */,
			);
			defaultConfigurationIsVisible = 0;
			defaultConfigurationName = Release;
		};
		B001A1AF1B30565C00B3CA2A /* Build configuration list for PBXNativeTarget "OptionSetTypeFrobsUITests" */ = {
			isa = XCConfigurationList;
			buildConfigurations = (
				B001A1B01B30565C00B3CA2A /* Debug */,
				B001A1B11B30565C00B3CA2A /* Release */,
			);
			defaultConfigurationIsVisible = 0;
			defaultConfigurationName = Release;
		};
/* End XCConfigurationList section */
	};
	rootObject = B001A1791B30565C00B3CA2A /* Project object */;
}
